
Microsoft Visual Studio Solution File, Format Version 12.00
# Visual Studio Version 16
VisualStudioVersion = 16.0.31605.320
MinimumVisualStudioVersion = 10.0.40219.1
Project("{FAE04EC0-301F-11D3-BF4B-00C04F79EFBC}") = "ExercicioConversorDeMoeda", "ExercicioConversorDeMoeda\ExercicioConversorDeMoeda.csproj", "{AB132447-C263-43DC-8FE9-B502376F9432}"
EndProject
Global
	GlobalSection(SolutionConfigurationPlatforms) = preSolution
		Debug|Any CPU = Debug|Any CPU
		Release|Any CPU = Release|Any CPU
	EndGlobalSection
	GlobalSection(ProjectConfigurationPlatforms) = postSolution
		{AB132447-C263-43DC-8FE9-B502376F9432}.Debug|Any CPU.ActiveCfg = Debug|Any CPU
		{AB132447-C263-43DC-8FE9-B502376F9432}.Debug|Any CPU.Build.0 = Debug|Any CPU
		{AB132447-C263-43DC-8FE9-B502376F9432}.Release|Any CPU.ActiveCfg = Release|Any CPU
		{AB132447-C263-43DC-8FE9-B502376F9432}.Release|Any CPU.Build.0 = Release|Any CPU
	EndGlobalSection
	GlobalSection(SolutionProperties) = preSolution
		HideSolutionNode = FALSE
	EndGlobalSection
	GlobalSection(ExtensibilityGlobals) = postSolution
		SolutionGuid = {416F4132-F897-4B3B-BDD9-0A417FFEA4C6}
	EndGlobalSection
EndGlobal
